
Microsoft Visual Studio Solution File, Format Version 12.00
# Visual Studio Version 17
VisualStudioVersion = 17.0.31903.59
MinimumVisualStudioVersion = 10.0.40219.1
Project("{FAE04EC0-301F-11D3-BF4B-00C04F79EFBC}") = "TicketBooking.Api", "TicketBooking.Api\TicketBooking.Api.csproj", "{83FB8775-3D45-497A-B541-2A99FB354218}"
EndProject
Project("{FAE04EC0-301F-11D3-BF4B-00C04F79EFBC}") = "TicketBooking.Tests", "TicketBooking.Tests\TicketBooking.Tests.csproj", "{419330EC-8FFC-445A-BCA3-601AE63FA7A3}"
EndProject
Global
	GlobalSection(SolutionConfigurationPlatforms) = preSolution
		Debug|Any CPU = Debug|Any CPU
		Debug|x64 = Debug|x64
		Debug|x86 = Debug|x86
		Release|Any CPU = Release|Any CPU
		Release|x64 = Release|x64
		Release|x86 = Release|x86
	EndGlobalSection
	GlobalSection(ProjectConfigurationPlatforms) = postSolution
		{83FB8775-3D45-497A-B541-2A99FB354218}.Debug|Any CPU.ActiveCfg = Debug|Any CPU
		{83FB8775-3D45-497A-B541-2A99FB354218}.Debug|Any CPU.Build.0 = Debug|Any CPU
		{83FB8775-3D45-497A-B541-2A99FB354218}.Debug|x64.ActiveCfg = Debug|Any CPU
		{83FB8775-3D45-497A-B541-2A99FB354218}.Debug|x64.Build.0 = Debug|Any CPU
		{83FB8775-3D45-497A-B541-2A99FB354218}.Debug|x86.ActiveCfg = Debug|Any CPU
		{83FB8775-3D45-497A-B541-2A99FB354218}.Debug|x86.Build.0 = Debug|Any CPU
		{83FB8775-3D45-497A-B541-2A99FB354218}.Release|Any CPU.ActiveCfg = Release|Any CPU
		{83FB8775-3D45-497A-B541-2A99FB354218}.Release|Any CPU.Build.0 = Release|Any CPU
		{83FB8775-3D45-497A-B541-2A99FB354218}.Release|x64.ActiveCfg = Release|Any CPU
		{83FB8775-3D45-497A-B541-2A99FB354218}.Release|x64.Build.0 = Release|Any CPU
		{83FB8775-3D45-497A-B541-2A99FB354218}.Release|x86.ActiveCfg = Release|Any CPU
		{83FB8775-3D45-497A-B541-2A99FB354218}.Release|x86.Build.0 = Release|Any CPU
		{419330EC-8FFC-445A-BCA3-601AE63FA7A3}.Debug|Any CPU.ActiveCfg = Debug|Any CPU
		{419330EC-8FFC-445A-BCA3-601AE63FA7A3}.Debug|Any CPU.Build.0 = Debug|Any CPU
		{419330EC-8FFC-445A-BCA3-601AE63FA7A3}.Debug|x64.ActiveCfg = Debug|Any CPU
		{419330EC-8FFC-445A-BCA3-601AE63FA7A3}.Debug|x64.Build.0 = Debug|Any CPU
		{419330EC-8FFC-445A-BCA3-601AE63FA7A3}.Debug|x86.ActiveCfg = Debug|Any CPU
		{419330EC-8FFC-445A-BCA3-601AE63FA7A3}.Debug|x86.Build.0 = Debug|Any CPU
		{419330EC-8FFC-445A-BCA3-601AE63FA7A3}.Release|Any CPU.ActiveCfg = Release|Any CPU
		{419330EC-8FFC-445A-BCA3-601AE63FA7A3}.Release|Any CPU.Build.0 = Release|Any CPU
		{419330EC-8FFC-445A-BCA3-601AE63FA7A3}.Release|x64.ActiveCfg = Release|Any CPU
		{419330EC-8FFC-445A-BCA3-601AE63FA7A3}.Release|x64.Build.0 = Release|Any CPU
		{419330EC-8FFC-445A-BCA3-601AE63FA7A3}.Release|x86.ActiveCfg = Release|Any CPU
		{419330EC-8FFC-445A-BCA3-601AE63FA7A3}.Release|x86.Build.0 = Release|Any CPU
	EndGlobalSection
	GlobalSection(SolutionProperties) = preSolution
		HideSolutionNode = FALSE
	EndGlobalSection
EndGlobal
